Microsoft Visual Studio Solution File, Format Version 12.00
# Visual Studio Version 17
VisualStudioVersion = 17.5.2.0
MinimumVisualStudioVersion = 10.0.40219.1
Project("{FAE04EC0-301F-11D3-BF4B-00C04F79EFBC}") = "BookSharingApp", "BookSharingApp.csproj", "{5237DEAB-60FE-57B7-586D-DE62D06A50DE}"
EndProject
Project("{FAE04EC0-301F-11D3-BF4B-00C04F79EFBC}") = "BookSharingApp.Tests", "BookSharingApp.Tests\BookSharingApp.Tests.csproj", "{244B9E67-655D-4413-9058-B5D7839A62C6}"
EndProject
Project("{FAE04EC0-301F-11D3-BF4B-00C04F79EFBC}") = "BookSharingApp.IntegrationTests", "BookSharingApp.IntegrationTests\BookSharingApp.IntegrationTests.csproj", "{8C73E337-057E-4DB9-9D20-9385DC996053}"
EndProject
Project("{FAE04EC0-301F-11D3-BF4B-00C04F79EFBC}") = "BookSharingApp.Cli", "BookSharingApp.Cli\BookSharingApp.Cli.csproj", "{304DBBE5-4EB1-40E1-8314-6FE63DD578C0}"
EndProject
Global
	GlobalSection(SolutionConfigurationPlatforms) = preSolution
		Debug|Any CPU = Debug|Any CPU
		Release|Any CPU = Release|Any CPU
	EndGlobalSection
	GlobalSection(ProjectConfigurationPlatforms) = postSolution
		{5237DEAB-60FE-57B7-586D-DE62D06A50DE}.Debug|Any CPU.ActiveCfg = Debug|Any CPU
		{5237DEAB-60FE-57B7-586D-DE62D06A50DE}.Debug|Any CPU.Build.0 = Debug|Any CPU
		{5237DEAB-60FE-57B7-586D-DE62D06A50DE}.Release|Any CPU.ActiveCfg = Release|Any CPU
		{5237DEAB-60FE-57B7-586D-DE62D06A50DE}.Release|Any CPU.Build.0 = Release|Any CPU
		{244B9E67-655D-4413-9058-B5D7839A62C6}.Debug|Any CPU.ActiveCfg = Debug|Any CPU
		{244B9E67-655D-4413-9058-B5D7839A62C6}.Debug|Any CPU.Build.0 = Debug|Any CPU
		{244B9E67-655D-4413-9058-B5D7839A62C6}.Release|Any CPU.ActiveCfg = Release|Any CPU
		{244B9E67-655D-4413-9058-B5D7839A62C6}.Release|Any CPU.Build.0 = Release|Any CPU
		{8C73E337-057E-4DB9-9D20-9385DC996053}.Debug|Any CPU.ActiveCfg = Debug|Any CPU
		{8C73E337-057E-4DB9-9D20-9385DC996053}.Debug|Any CPU.Build.0 = Debug|Any CPU
		{8C73E337-057E-4DB9-9D20-9385DC996053}.Release|Any CPU.ActiveCfg = Release|Any CPU
		{8C73E337-057E-4DB9-9D20-9385DC996053}.Release|Any CPU.Build.0 = Release|Any CPU
		{304DBBE5-4EB1-40E1-8314-6FE63DD578C0}.Debug|Any CPU.ActiveCfg = Debug|Any CPU
		{304DBBE5-4EB1-40E1-8314-6FE63DD578C0}.Debug|Any CPU.Build.0 = Debug|Any CPU
		{304DBBE5-4EB1-40E1-8314-6FE63DD578C0}.Release|Any CPU.ActiveCfg = Release|Any CPU
		{304DBBE5-4EB1-40E1-8314-6FE63DD578C0}.Release|Any CPU.Build.0 = Release|Any CPU
	EndGlobalSection
	GlobalSection(SolutionProperties) = preSolution
		HideSolutionNode = FALSE
	EndGlobalSection
	GlobalSection(ExtensibilityGlobals) = postSolution
		SolutionGuid = {18B17722-B45A-451E-8474-F0E331C8BDAE}
	EndGlobalSection
EndGlobal
